
Microsoft Visual Studio Solution File, Format Version 12.00
# Visual Studio Version 17
VisualStudioVersion = 17.4.33403.182
MinimumVisualStudioVersion = 10.0.40219.1
Project("{FAE04EC0-301F-11D3-BF4B-00C04F79EFBC}") = "Workshop", "Workshop\Workshop.csproj", "{3DB97D46-9BFC-4BEB-B04E-D972A21A1FB5}"
EndProject
Project("{FAE04EC0-301F-11D3-BF4B-00C04F79EFBC}") = "WorkshopTests", "WorkshopTests\WorkshopTests.csproj", "{C54AAA31-60A8-4B7E-94DE-F368CDB5945B}"
EndProject
Global
	GlobalSection(SolutionConfigurationPlatforms) = preSolution
		Debug|Any CPU = Debug|Any CPU
		Release|Any CPU = Release|Any CPU
	EndGlobalSection
	GlobalSection(ProjectConfigurationPlatforms) = postSolution
		{3DB97D46-9BFC-4BEB-B04E-D972A21A1FB5}.Debug|Any CPU.ActiveCfg = Debug|Any CPU
		{3DB97D46-9BFC-4BEB-B04E-D972A21A1FB5}.Debug|Any CPU.Build.0 = Debug|Any CPU
		{3DB97D46-9BFC-4BEB-B04E-D972A21A1FB5}.Release|Any CPU.ActiveCfg = Release|Any CPU
		{3DB97D46-9BFC-4BEB-B04E-D972A21A1FB5}.Release|Any CPU.Build.0 = Release|Any CPU
		{C54AAA31-60A8-4B7E-94DE-F368CDB5945B}.Debug|Any CPU.ActiveCfg = Debug|Any CPU
		{C54AAA31-60A8-4B7E-94DE-F368CDB5945B}.Debug|Any CPU.Build.0 = Debug|Any CPU
		{C54AAA31-60A8-4B7E-94DE-F368CDB5945B}.Release|Any CPU.ActiveCfg = Release|Any CPU
		{C54AAA31-60A8-4B7E-94DE-F368CDB5945B}.Release|Any CPU.Build.0 = Release|Any CPU
	EndGlobalSection
	GlobalSection(SolutionProperties) = preSolution
		HideSolutionNode = FALSE
	EndGlobalSection
	GlobalSection(ExtensibilityGlobals) = postSolution
		SolutionGuid = {03138FD7-4C1C-4047-BEBD-DA49F31D28B2}
	EndGlobalSection
EndGlobal
